
Microsoft Visual Studio Solution File, Format Version 12.00
# Visual Studio Version 17
VisualStudioVersion = 17.0.31903.59
MinimumVisualStudioVersion = 10.0.40219.1
Project("{FAE04EC0-301F-11D3-BF4B-00C04F79EFBC}") = "LedgerAI.Api", "api\LedgerAI.Api.csproj", "{BD8E9960-F856-43D6-B943-1CF53551DF91}"
EndProject
Project("{FAE04EC0-301F-11D3-BF4B-00C04F79EFBC}") = "LedgerAI.Application", "application\LedgerAI.Application.csproj", "{C0C7E841-C5EB-4117-AA94-D193959BB8DD}"
EndProject
Project("{FAE04EC0-301F-11D3-BF4B-00C04F79EFBC}") = "LedgerAI.Domain", "domain\LedgerAI.Domain.csproj", "{D32C319B-5B09-47E7-8756-A9E40A4A19EB}"
EndProject
Project("{FAE04EC0-301F-11D3-BF4B-00C04F79EFBC}") = "LedgerAI.Infrastructure", "infrastructure\LedgerAI.Infrastructure.csproj", "{0E759412-D853-49E4-BAAA-8BE5A03B26AF}"
EndProject
Project("{FAE04EC0-301F-11D3-BF4B-00C04F79EFBC}") = "LedgerAI.Shared", "shared\LedgerAI.Shared.csproj", "{EAE6BAB6-696F-4462-99C3-961DBEEC51BF}"
EndProject
Global
	GlobalSection(SolutionConfigurationPlatforms) = preSolution
		Debug|Any CPU = Debug|Any CPU
		Release|Any CPU = Release|Any CPU
	EndGlobalSection
	GlobalSection(SolutionProperties) = preSolution
		HideSolutionNode = FALSE
	EndGlobalSection
	GlobalSection(ProjectConfigurationPlatforms) = postSolution
		{BD8E9960-F856-43D6-B943-1CF53551DF91}.Debug|Any CPU.ActiveCfg = Debug|Any CPU
		{BD8E9960-F856-43D6-B943-1CF53551DF91}.Debug|Any CPU.Build.0 = Debug|Any CPU
		{BD8E9960-F856-43D6-B943-1CF53551DF91}.Release|Any CPU.ActiveCfg = Release|Any CPU
		{BD8E9960-F856-43D6-B943-1CF53551DF91}.Release|Any CPU.Build.0 = Release|Any CPU
		{C0C7E841-C5EB-4117-AA94-D193959BB8DD}.Debug|Any CPU.ActiveCfg = Debug|Any CPU
		{C0C7E841-C5EB-4117-AA94-D193959BB8DD}.Debug|Any CPU.Build.0 = Debug|Any CPU
		{C0C7E841-C5EB-4117-AA94-D193959BB8DD}.Release|Any CPU.ActiveCfg = Release|Any CPU
		{C0C7E841-C5EB-4117-AA94-D193959BB8DD}.Release|Any CPU.Build.0 = Release|Any CPU
		{D32C319B-5B09-47E7-8756-A9E40A4A19EB}.Debug|Any CPU.ActiveCfg = Debug|Any CPU
		{D32C319B-5B09-47E7-8756-A9E40A4A19EB}.Debug|Any CPU.Build.0 = Debug|Any CPU
		{D32C319B-5B09-47E7-8756-A9E40A4A19EB}.Release|Any CPU.ActiveCfg = Release|Any CPU
		{D32C319B-5B09-47E7-8756-A9E40A4A19EB}.Release|Any CPU.Build.0 = Release|Any CPU
		{0E759412-D853-49E4-BAAA-8BE5A03B26AF}.Debug|Any CPU.ActiveCfg = Debug|Any CPU
		{0E759412-D853-49E4-BAAA-8BE5A03B26AF}.Debug|Any CPU.Build.0 = Debug|Any CPU
		{0E759412-D853-49E4-BAAA-8BE5A03B26AF}.Release|Any CPU.ActiveCfg = Release|Any CPU
		{0E759412-D853-49E4-BAAA-8BE5A03B26AF}.Release|Any CPU.Build.0 = Release|Any CPU
		{EAE6BAB6-696F-4462-99C3-961DBEEC51BF}.Debug|Any CPU.ActiveCfg = Debug|Any CPU
		{EAE6BAB6-696F-4462-99C3-961DBEEC51BF}.Debug|Any CPU.Build.0 = Debug|Any CPU
		{EAE6BAB6-696F-4462-99C3-961DBEEC51BF}.Release|Any CPU.ActiveCfg = Release|Any CPU
		{EAE6BAB6-696F-4462-99C3-961DBEEC51BF}.Release|Any CPU.Build.0 = Release|Any CPU
	EndGlobalSection
EndGlobal
